
Microsoft Visual Studio Solution File, Format Version 12.00
# Visual Studio Version 16
VisualStudioVersion = 16.0.31019.194
MinimumVisualStudioVersion = 10.0.40219.1
Project("{FAE04EC0-301F-11D3-BF4B-00C04F79EFBC}") = "Sample", "Sample\Sample.csproj", "{121FF14A-97D2-4E63-AD28-8A110B6C7446}"
EndProject
Global
	GlobalSection(SolutionConfigurationPlatforms) = preSolution
		Debug|Any CPU = Debug|Any CPU
		Release|Any CPU = Release|Any CPU
	EndGlobalSection
	GlobalSection(ProjectConfigurationPlatforms) = postSolution
		{121FF14A-97D2-4E63-AD28-8A110B6C7446}.Debug|Any CPU.ActiveCfg = Debug|Any CPU
		{121FF14A-97D2-4E63-AD28-8A110B6C7446}.Debug|Any CPU.Build.0 = Debug|Any CPU
		{121FF14A-97D2-4E63-AD28-8A110B6C7446}.Release|Any CPU.ActiveCfg = Release|Any CPU
		{121FF14A-97D2-4E63-AD28-8A110B6C7446}.Release|Any CPU.Build.0 = Release|Any CPU
	EndGlobalSection
	GlobalSection(SolutionProperties) = preSolution
		HideSolutionNode = FALSE
	EndGlobalSection
	GlobalSection(ExtensibilityGlobals) = postSolution
		SolutionGuid = {073628B9-1CB6-43E7-A1F9-EFA96B1F947F}
	EndGlobalSection
EndGlobal
