
Microsoft Visual Studio Solution File, Format Version 12.00
# Visual Studio Version 17
VisualStudioVersion = 17.1.32210.238
MinimumVisualStudioVersion = 10.0.40219.1
Project("{9A19103F-16F7-4668-BE54-9A1E7A4F7556}") = "PolicyRegis", "PolicyRegis.csproj", "{F6DFEC84-D95E-4F25-B439-FF9D88A1EA2D}"
EndProject
Project("{9A19103F-16F7-4668-BE54-9A1E7A4F7556}") = "PolicyService", "..\PolicyService\PolicyService.csproj", "{92C24CE4-3393-494C-B078-4364D2F6F659}"
EndProject
Project("{9A19103F-16F7-4668-BE54-9A1E7A4F7556}") = "PolicyRepository", "..\PolicyRepository\PolicyRepository.csproj", "{485B2ED3-2B57-414E-9653-25286E419B84}"
EndProject
Project("{9A19103F-16F7-4668-BE54-9A1E7A4F7556}") = "PolicyContex", "..\PolicyContex\PolicyContex.csproj", "{0FCA329D-ADB0-435C-BD8E-9A9E2FFEC182}"
EndProject
Project("{9A19103F-16F7-4668-BE54-9A1E7A4F7556}") = "PolicyEntities", "..\PolicyEntities\PolicyEntities.csproj", "{C93A800C-B463-4729-BF62-032CF8028E75}"
EndProject
Project("{9A19103F-16F7-4668-BE54-9A1E7A4F7556}") = "PolicyModels", "..\PolicyModels\PolicyModels.csproj", "{F93B3862-3F58-4C57-A112-7809BE36BA32}"
EndProject
Project("{9A19103F-16F7-4668-BE54-9A1E7A4F7556}") = "PolicyUtility", "..\PolicyUtility\PolicyUtility.csproj", "{A1B6FB82-A222-4B62-AD9F-D80995532659}"
EndProject
Global
	GlobalSection(SolutionConfigurationPlatforms) = preSolution
		Debug|Any CPU = Debug|Any CPU
		Release|Any CPU = Release|Any CPU
	EndGlobalSection
	GlobalSection(ProjectConfigurationPlatforms) = postSolution
		{F6DFEC84-D95E-4F25-B439-FF9D88A1EA2D}.Debug|Any CPU.ActiveCfg = Debug|Any CPU
		{F6DFEC84-D95E-4F25-B439-FF9D88A1EA2D}.Debug|Any CPU.Build.0 = Debug|Any CPU
		{F6DFEC84-D95E-4F25-B439-FF9D88A1EA2D}.Release|Any CPU.ActiveCfg = Release|Any CPU
		{F6DFEC84-D95E-4F25-B439-FF9D88A1EA2D}.Release|Any CPU.Build.0 = Release|Any CPU
		{92C24CE4-3393-494C-B078-4364D2F6F659}.Debug|Any CPU.ActiveCfg = Debug|Any CPU
		{92C24CE4-3393-494C-B078-4364D2F6F659}.Debug|Any CPU.Build.0 = Debug|Any CPU
		{92C24CE4-3393-494C-B078-4364D2F6F659}.Release|Any CPU.ActiveCfg = Release|Any CPU
		{92C24CE4-3393-494C-B078-4364D2F6F659}.Release|Any CPU.Build.0 = Release|Any CPU
		{485B2ED3-2B57-414E-9653-25286E419B84}.Debug|Any CPU.ActiveCfg = Debug|Any CPU
		{485B2ED3-2B57-414E-9653-25286E419B84}.Debug|Any CPU.Build.0 = Debug|Any CPU
		{485B2ED3-2B57-414E-9653-25286E419B84}.Release|Any CPU.ActiveCfg = Release|Any CPU
		{485B2ED3-2B57-414E-9653-25286E419B84}.Release|Any CPU.Build.0 = Release|Any CPU
		{0FCA329D-ADB0-435C-BD8E-9A9E2FFEC182}.Debug|Any CPU.ActiveCfg = Debug|Any CPU
		{0FCA329D-ADB0-435C-BD8E-9A9E2FFEC182}.Debug|Any CPU.Build.0 = Debug|Any CPU
		{0FCA329D-ADB0-435C-BD8E-9A9E2FFEC182}.Release|Any CPU.ActiveCfg = Release|Any CPU
		{0FCA329D-ADB0-435C-BD8E-9A9E2FFEC182}.Release|Any CPU.Build.0 = Release|Any CPU
		{C93A800C-B463-4729-BF62-032CF8028E75}.Debug|Any CPU.ActiveCfg = Debug|Any CPU
		{C93A800C-B463-4729-BF62-032CF8028E75}.Debug|Any CPU.Build.0 = Debug|Any CPU
		{C93A800C-B463-4729-BF62-032CF8028E75}.Release|Any CPU.ActiveCfg = Release|Any CPU
		{C93A800C-B463-4729-BF62-032CF8028E75}.Release|Any CPU.Build.0 = Release|Any CPU
		{F93B3862-3F58-4C57-A112-7809BE36BA32}.Debug|Any CPU.ActiveCfg = Debug|Any CPU
		{F93B3862-3F58-4C57-A112-7809BE36BA32}.Debug|Any CPU.Build.0 = Debug|Any CPU
		{F93B3862-3F58-4C57-A112-7809BE36BA32}.Release|Any CPU.ActiveCfg = Release|Any CPU
		{F93B3862-3F58-4C57-A112-7809BE36BA32}.Release|Any CPU.Build.0 = Release|Any CPU
		{A1B6FB82-A222-4B62-AD9F-D80995532659}.Debug|Any CPU.ActiveCfg = Debug|Any CPU
		{A1B6FB82-A222-4B62-AD9F-D80995532659}.Debug|Any CPU.Build.0 = Debug|Any CPU
		{A1B6FB82-A222-4B62-AD9F-D80995532659}.Release|Any CPU.ActiveCfg = Release|Any CPU
		{A1B6FB82-A222-4B62-AD9F-D80995532659}.Release|Any CPU.Build.0 = Release|Any CPU
	EndGlobalSection
	GlobalSection(SolutionProperties) = preSolution
		HideSolutionNode = FALSE
	EndGlobalSection
	GlobalSection(ExtensibilityGlobals) = postSolution
		SolutionGuid = {D147E580-966B-41B4-AFD0-A467F2B09E74}
	EndGlobalSection
EndGlobal
