
Microsoft Visual Studio Solution File, Format Version 12.00
# Visual Studio Version 16
VisualStudioVersion = 16.0.31019.35
MinimumVisualStudioVersion = 10.0.40219.1
Project("{FAE04EC0-301F-11D3-BF4B-00C04F79EFBC}") = "first", "first\first.csproj", "{8DA529AB-21B3-43EC-A017-945548F86A7D}"
EndProject
Project("{FAE04EC0-301F-11D3-BF4B-00C04F79EFBC}") = "Demo", "Demo\Demo.csproj", "{628A9118-B469-462C-9F2B-15834E21CEA7}"
EndProject
Project("{FAE04EC0-301F-11D3-BF4B-00C04F79EFBC}") = "KMISMService", "KMISMService\KMISMService.csproj", "{F37655FA-7373-44A7-999A-71B84D5FEA24}"
EndProject
Project("{9A19103F-16F7-4668-BE54-9A1E7A4F7556}") = "KMISMRepository", "KMISMRepository\KMISMRepository.csproj", "{4AEC640C-D225-4515-B192-EFE0DCE968AD}"
EndProject
Project("{FAE04EC0-301F-11D3-BF4B-00C04F79EFBC}") = "KMISMEntities", "KMISMEntities\KMISMEntities.csproj", "{2ABE659D-67BF-410A-A808-7DDA9892D4CA}"
EndProject
Project("{FAE04EC0-301F-11D3-BF4B-00C04F79EFBC}") = "KMISMModels", "KMISMModels\KMISMModels.csproj", "{713DCA3F-00FA-4B64-B770-F9FC6D89A30A}"
EndProject
Project("{FAE04EC0-301F-11D3-BF4B-00C04F79EFBC}") = "KMISMUtility", "KMISMUtility\KMISMUtility.csproj", "{C45B504E-AF22-4FAB-BF47-391D6BBDCD53}"
EndProject
Project("{FAE04EC0-301F-11D3-BF4B-00C04F79EFBC}") = "KMISMDBContext", "KMISMDBContext\KMISMDBContext.csproj", "{47D705D7-0721-458C-8109-34BF490A28CD}"
EndProject
Project("{FAE04EC0-301F-11D3-BF4B-00C04F79EFBC}") = "ClassCreator", "ClassCreator\ClassCreator.csproj", "{3A382091-AD5A-49F7-AE12-CD246A5BDB8B}"
EndProject
Project("{FAE04EC0-301F-11D3-BF4B-00C04F79EFBC}") = "KMISMWebApi", "KMISMWebApi\KMISMWebApi.csproj", "{98F12AF9-08C2-46B3-BFB9-F64F8CF022DB}"
EndProject
Global
	GlobalSection(SolutionConfigurationPlatforms) = preSolution
		Debug|Any CPU = Debug|Any CPU
		Release|Any CPU = Release|Any CPU
	EndGlobalSection
	GlobalSection(ProjectConfigurationPlatforms) = postSolution
		{8DA529AB-21B3-43EC-A017-945548F86A7D}.Debug|Any CPU.ActiveCfg = Debug|Any CPU
		{8DA529AB-21B3-43EC-A017-945548F86A7D}.Debug|Any CPU.Build.0 = Debug|Any CPU
		{8DA529AB-21B3-43EC-A017-945548F86A7D}.Release|Any CPU.ActiveCfg = Release|Any CPU
		{8DA529AB-21B3-43EC-A017-945548F86A7D}.Release|Any CPU.Build.0 = Release|Any CPU
		{628A9118-B469-462C-9F2B-15834E21CEA7}.Debug|Any CPU.ActiveCfg = Debug|Any CPU
		{628A9118-B469-462C-9F2B-15834E21CEA7}.Debug|Any CPU.Build.0 = Debug|Any CPU
		{628A9118-B469-462C-9F2B-15834E21CEA7}.Release|Any CPU.ActiveCfg = Release|Any CPU
		{628A9118-B469-462C-9F2B-15834E21CEA7}.Release|Any CPU.Build.0 = Release|Any CPU
		{F37655FA-7373-44A7-999A-71B84D5FEA24}.Debug|Any CPU.ActiveCfg = Debug|Any CPU
		{F37655FA-7373-44A7-999A-71B84D5FEA24}.Debug|Any CPU.Build.0 = Debug|Any CPU
		{F37655FA-7373-44A7-999A-71B84D5FEA24}.Release|Any CPU.ActiveCfg = Release|Any CPU
		{F37655FA-7373-44A7-999A-71B84D5FEA24}.Release|Any CPU.Build.0 = Release|Any CPU
		{4AEC640C-D225-4515-B192-EFE0DCE968AD}.Debug|Any CPU.ActiveCfg = Debug|Any CPU
		{4AEC640C-D225-4515-B192-EFE0DCE968AD}.Debug|Any CPU.Build.0 = Debug|Any CPU
		{4AEC640C-D225-4515-B192-EFE0DCE968AD}.Release|Any CPU.ActiveCfg = Release|Any CPU
		{4AEC640C-D225-4515-B192-EFE0DCE968AD}.Release|Any CPU.Build.0 = Release|Any CPU
		{2ABE659D-67BF-410A-A808-7DDA9892D4CA}.Debug|Any CPU.ActiveCfg = Debug|Any CPU
		{2ABE659D-67BF-410A-A808-7DDA9892D4CA}.Debug|Any CPU.Build.0 = Debug|Any CPU
		{2ABE659D-67BF-410A-A808-7DDA9892D4CA}.Release|Any CPU.ActiveCfg = Release|Any CPU
		{2ABE659D-67BF-410A-A808-7DDA9892D4CA}.Release|Any CPU.Build.0 = Release|Any CPU
		{713DCA3F-00FA-4B64-B770-F9FC6D89A30A}.Debug|Any CPU.ActiveCfg = Debug|Any CPU
		{713DCA3F-00FA-4B64-B770-F9FC6D89A30A}.Debug|Any CPU.Build.0 = Debug|Any CPU
		{713DCA3F-00FA-4B64-B770-F9FC6D89A30A}.Release|Any CPU.ActiveCfg = Release|Any CPU
		{713DCA3F-00FA-4B64-B770-F9FC6D89A30A}.Release|Any CPU.Build.0 = Release|Any CPU
		{C45B504E-AF22-4FAB-BF47-391D6BBDCD53}.Debug|Any CPU.ActiveCfg = Debug|Any CPU
		{C45B504E-AF22-4FAB-BF47-391D6BBDCD53}.Debug|Any CPU.Build.0 = Debug|Any CPU
		{C45B504E-AF22-4FAB-BF47-391D6BBDCD53}.Release|Any CPU.ActiveCfg = Release|Any CPU
		{C45B504E-AF22-4FAB-BF47-391D6BBDCD53}.Release|Any CPU.Build.0 = Release|Any CPU
		{47D705D7-0721-458C-8109-34BF490A28CD}.Debug|Any CPU.ActiveCfg = Debug|Any CPU
		{47D705D7-0721-458C-8109-34BF490A28CD}.Debug|Any CPU.Build.0 = Debug|Any CPU
		{47D705D7-0721-458C-8109-34BF490A28CD}.Release|Any CPU.ActiveCfg = Release|Any CPU
		{47D705D7-0721-458C-8109-34BF490A28CD}.Release|Any CPU.Build.0 = Release|Any CPU
		{3A382091-AD5A-49F7-AE12-CD246A5BDB8B}.Debug|Any CPU.ActiveCfg = Debug|Any CPU
		{3A382091-AD5A-49F7-AE12-CD246A5BDB8B}.Debug|Any CPU.Build.0 = Debug|Any CPU
		{3A382091-AD5A-49F7-AE12-CD246A5BDB8B}.Release|Any CPU.ActiveCfg = Release|Any CPU
		{3A382091-AD5A-49F7-AE12-CD246A5BDB8B}.Release|Any CPU.Build.0 = Release|Any CPU
		{98F12AF9-08C2-46B3-BFB9-F64F8CF022DB}.Debug|Any CPU.ActiveCfg = Debug|Any CPU
		{98F12AF9-08C2-46B3-BFB9-F64F8CF022DB}.Debug|Any CPU.Build.0 = Debug|Any CPU
		{98F12AF9-08C2-46B3-BFB9-F64F8CF022DB}.Release|Any CPU.ActiveCfg = Release|Any CPU
		{98F12AF9-08C2-46B3-BFB9-F64F8CF022DB}.Release|Any CPU.Build.0 = Release|Any CPU
	EndGlobalSection
	GlobalSection(SolutionProperties) = preSolution
		HideSolutionNode = FALSE
	EndGlobalSection
	GlobalSection(ExtensibilityGlobals) = postSolution
		SolutionGuid = {6FC271CB-D3BC-4EFE-A008-2A52F14B9C1E}
	EndGlobalSection
EndGlobal
