
Microsoft Visual Studio Solution File, Format Version 12.00
# Visual Studio Version 16
VisualStudioVersion = 16.0.31019.194
MinimumVisualStudioVersion = 10.0.40219.1
Project("{FAE04EC0-301F-11D3-BF4B-00C04F79EFBC}") = "Sample_First", "Sample_First\Sample_First.csproj", "{7AF7D7BF-2B56-4A60-A4C1-FFD87DA0A0AF}"
EndProject
Project("{FAE04EC0-301F-11D3-BF4B-00C04F79EFBC}") = "ASp", "..\Sample_First2\ASp\ASp.csproj", "{8DA56DC3-6D9B-44AD-9F39-5EEAAD843203}"
EndProject
Global
	GlobalSection(SolutionConfigurationPlatforms) = preSolution
		Debug|Any CPU = Debug|Any CPU
		Release|Any CPU = Release|Any CPU
	EndGlobalSection
	GlobalSection(ProjectConfigurationPlatforms) = postSolution
		{7AF7D7BF-2B56-4A60-A4C1-FFD87DA0A0AF}.Debug|Any CPU.ActiveCfg = Debug|Any CPU
		{7AF7D7BF-2B56-4A60-A4C1-FFD87DA0A0AF}.Debug|Any CPU.Build.0 = Debug|Any CPU
		{7AF7D7BF-2B56-4A60-A4C1-FFD87DA0A0AF}.Release|Any CPU.ActiveCfg = Release|Any CPU
		{7AF7D7BF-2B56-4A60-A4C1-FFD87DA0A0AF}.Release|Any CPU.Build.0 = Release|Any CPU
		{8DA56DC3-6D9B-44AD-9F39-5EEAAD843203}.Debug|Any CPU.ActiveCfg = Debug|Any CPU
		{8DA56DC3-6D9B-44AD-9F39-5EEAAD843203}.Debug|Any CPU.Build.0 = Debug|Any CPU
		{8DA56DC3-6D9B-44AD-9F39-5EEAAD843203}.Release|Any CPU.ActiveCfg = Release|Any CPU
		{8DA56DC3-6D9B-44AD-9F39-5EEAAD843203}.Release|Any CPU.Build.0 = Release|Any CPU
	EndGlobalSection
	GlobalSection(SolutionProperties) = preSolution
		HideSolutionNode = FALSE
	EndGlobalSection
	GlobalSection(ExtensibilityGlobals) = postSolution
		SolutionGuid = {DE0A03F4-C72E-4713-9AF2-9D110AA29D40}
	EndGlobalSection
EndGlobal
