
Microsoft Visual Studio Solution File, Format Version 12.00
# Visual Studio Version 16
VisualStudioVersion = 16.0.31019.35
MinimumVisualStudioVersion = 10.0.40219.1
Project("{FAE04EC0-301F-11D3-BF4B-00C04F79EFBC}") = "DatabaseCheck", "DatabaseCheck\DatabaseCheck.csproj", "{C80504FC-68CB-493B-B1AD-6C78967D0476}"
EndProject
Global
	GlobalSection(SolutionConfigurationPlatforms) = preSolution
		Debug|Any CPU = Debug|Any CPU
		Release|Any CPU = Release|Any CPU
	EndGlobalSection
	GlobalSection(ProjectConfigurationPlatforms) = postSolution
		{C80504FC-68CB-493B-B1AD-6C78967D0476}.Debug|Any CPU.ActiveCfg = Debug|Any CPU
		{C80504FC-68CB-493B-B1AD-6C78967D0476}.Debug|Any CPU.Build.0 = Debug|Any CPU
		{C80504FC-68CB-493B-B1AD-6C78967D0476}.Release|Any CPU.ActiveCfg = Release|Any CPU
		{C80504FC-68CB-493B-B1AD-6C78967D0476}.Release|Any CPU.Build.0 = Release|Any CPU
	EndGlobalSection
	GlobalSection(SolutionProperties) = preSolution
		HideSolutionNode = FALSE
	EndGlobalSection
	GlobalSection(ExtensibilityGlobals) = postSolution
		SolutionGuid = {39CD2ACC-4495-43D1-AE8C-38F8C6848EDC}
	EndGlobalSection
EndGlobal
