
Microsoft Visual Studio Solution File, Format Version 12.00
# Visual Studio Version 16
VisualStudioVersion = 16.0.31019.194
MinimumVisualStudioVersion = 10.0.40219.1
Project("{FAE04EC0-301F-11D3-BF4B-00C04F79EFBC}") = "ConsoleAppFirst", "ConsoleAppFirst\ConsoleAppFirst.csproj", "{3D63AE41-DAC5-4F18-87B5-22BE76816ECF}"
EndProject
Global
	GlobalSection(SolutionConfigurationPlatforms) = preSolution
		Debug|Any CPU = Debug|Any CPU
		Release|Any CPU = Release|Any CPU
	EndGlobalSection
	GlobalSection(ProjectConfigurationPlatforms) = postSolution
		{3D63AE41-DAC5-4F18-87B5-22BE76816ECF}.Debug|Any CPU.ActiveCfg = Debug|Any CPU
		{3D63AE41-DAC5-4F18-87B5-22BE76816ECF}.Debug|Any CPU.Build.0 = Debug|Any CPU
		{3D63AE41-DAC5-4F18-87B5-22BE76816ECF}.Release|Any CPU.ActiveCfg = Release|Any CPU
		{3D63AE41-DAC5-4F18-87B5-22BE76816ECF}.Release|Any CPU.Build.0 = Release|Any CPU
	EndGlobalSection
	GlobalSection(SolutionProperties) = preSolution
		HideSolutionNode = FALSE
	EndGlobalSection
	GlobalSection(ExtensibilityGlobals) = postSolution
		SolutionGuid = {F1883435-5125-4C73-89C9-601BA709F875}
	EndGlobalSection
EndGlobal
